// !$*UTF8*$!
{
	archiveVersion = 1;
	classes = {
	};
	objectVersion = 77;
	objects = {

/* Begin PBXBuildFile section */
		8911801E2D123F03000260CE /* AppDelegate.swift in Sources */ = {isa = PBXBuildFile; fileRef = 891180122D123F03000260CE /* AppDelegate.swift */; };
		8911801F2D123F03000260CE /* ProjetoFilmes.xcdatamodeld in Sources */ = {isa = PBXBuildFile; fileRef = 891180192D123F03000260CE /* ProjetoFilmes.xcdatamodeld */; };
		891180202D123F03000260CE /* SceneDelegate.swift in Sources */ = {isa = PBXBuildFile; fileRef = 8911801A2D123F03000260CE /* SceneDelegate.swift */; };
		891180222D123F03000260CE /* Assets.xcassets in Resources */ = {isa = PBXBuildFile; fileRef = 891180132D123F03000260CE /* Assets.xcassets */; };
		891180242D123F03000260CE /* LaunchScreen.storyboard in Resources */ = {isa = PBXBuildFile; fileRef = 891180162D123F03000260CE /* LaunchScreen.storyboard */; };
		891180252D123F03000260CE /* Main.storyboard in Resources */ = {isa = PBXBuildFile; fileRef = 891180182D123F03000260CE /* Main.storyboard */; };
		891180562D124296000260CE /* AlertHelper.swift in Sources */ = {isa = PBXBuildFile; fileRef = 891180552D124296000260CE /* AlertHelper.swift */; };
		8911805A2D124734000260CE /* LoginViewController.swift in Sources */ = {isa = PBXBuildFile; fileRef = 891180592D124734000260CE /* LoginViewController.swift */; };
		8911805C2D12604A000260CE /* FilmesViewController.swift in Sources */ = {isa = PBXBuildFile; fileRef = 8911805B2D12604A000260CE /* FilmesViewController.swift */; };
/* End PBXBuildFile section */

/* Begin PBXFileReference section */
		89117FF72D123EFB000260CE /* ProjetoFilmes.app */ = {isa = PBXFileReference; explicitFileType = wrapper.application; includeInIndex = 0; path = ProjetoFilmes.app; sourceTree = BUILT_PRODUCTS_DIR; };
		891180122D123F03000260CE /* AppDelegate.swift */ = {isa = PBXFileReference; lastKnownFileType = sourcecode.swift; path = AppDelegate.swift; sourceTree = "<group>"; };
		891180132D123F03000260CE /* Assets.xcassets */ = {isa = PBXFileReference; lastKnownFileType = folder.assetcatalog; path = Assets.xcassets; sourceTree = "<group>"; };
		891180142D123F03000260CE /* Info.plist */ = {isa = PBXFileReference; lastKnownFileType = text.plist.xml; path = Info.plist; sourceTree = "<group>"; };
		891180152D123F03000260CE /* Base */ = {isa = PBXFileReference; lastKnownFileType = file.storyboard; name = Base; path = Base.lproj/LaunchScreen.storyboard; sourceTree = "<group>"; };
		891180172D123F03000260CE /* Base */ = {isa = PBXFileReference; lastKnownFileType = file.storyboard; name = Base; path = Base.lproj/Main.storyboard; sourceTree = "<group>"; };
		8911801A2D123F03000260CE /* SceneDelegate.swift */ = {isa = PBXFileReference; lastKnownFileType = sourcecode.swift; path = SceneDelegate.swift; sourceTree = "<group>"; };
		8911801D2D123F03000260CE /* ProjetoFilmes.xcdatamodel */ = {isa = PBXFileReference; lastKnownFileType = wrapper.xcdatamodel; path = ProjetoFilmes.xcdatamodel; sourceTree = "<group>"; };
		891180552D124296000260CE /* AlertHelper.swift */ = {isa = PBXFileReference; lastKnownFileType = sourcecode.swift; path = AlertHelper.swift; sourceTree = "<group>"; };
		891180592D124734000260CE /* LoginViewController.swift */ = {isa = PBXFileReference; lastKnownFileType = sourcecode.swift; path = LoginViewController.swift; sourceTree = "<group>"; };
		8911805B2D12604A000260CE /* FilmesViewController.swift */ = {isa = PBXFileReference; lastKnownFileType = sourcecode.swift; path = FilmesViewController.swift; sourceTree = "<group>"; };
/* End PBXFileReference section */

/* Begin PBXFrameworksBuildPhase section */
		89117FF42D123EFB000260CE /* Frameworks */ = {
			isa = PBXFrameworksBuildPhase;
			buildActionMask = 2147483647;
			files = (
			);
			runOnlyForDeploymentPostprocessing = 0;
		};
/* End PBXFrameworksBuildPhase section */

/* Begin PBXGroup section */
		89117FEE2D123EFB000260CE = {
			isa = PBXGroup;
			children = (
				8911801C2D123F03000260CE /* ProjetoFilmes */,
				89117FF82D123EFB000260CE /* Products */,
			);
			sourceTree = "<group>";
		};
		89117FF82D123EFB000260CE /* Products */ = {
			isa = PBXGroup;
			children = (
				89117FF72D123EFB000260CE /* ProjetoFilmes.app */,
			);
			name = Products;
			sourceTree = "<group>";
		};
		8911801C2D123F03000260CE /* ProjetoFilmes */ = {
			isa = PBXGroup;
			children = (
				891180292D123F31000260CE /* Utils */,
				891180282D123F14000260CE /* View */,
				891180272D123F0F000260CE /* Model */,
				891180262D123F06000260CE /* Controller */,
				891180132D123F03000260CE /* Assets.xcassets */,
				891180142D123F03000260CE /* Info.plist */,
				891180162D123F03000260CE /* LaunchScreen.storyboard */,
			);
			path = ProjetoFilmes;
			sourceTree = "<group>";
		};
		891180262D123F06000260CE /* Controller */ = {
			isa = PBXGroup;
			children = (
				891180592D124734000260CE /* LoginViewController.swift */,
				8911805B2D12604A000260CE /* FilmesViewController.swift */,
			);
			path = Controller;
			sourceTree = "<group>";
		};
		891180272D123F0F000260CE /* Model */ = {
			isa = PBXGroup;
			children = (
				891180192D123F03000260CE /* ProjetoFilmes.xcdatamodeld */,
			);
			path = Model;
			sourceTree = "<group>";
		};
		891180282D123F14000260CE /* View */ = {
			isa = PBXGroup;
			children = (
				891180182D123F03000260CE /* Main.storyboard */,
			);
			path = View;
			sourceTree = "<group>";
		};
		891180292D123F31000260CE /* Utils */ = {
			isa = PBXGroup;
			children = (
				8911801A2D123F03000260CE /* SceneDelegate.swift */,
				891180122D123F03000260CE /* AppDelegate.swift */,
				891180552D124296000260CE /* AlertHelper.swift */,
			);
			path = Utils;
			sourceTree = "<group>";
		};
/* End PBXGroup section */

/* Begin PBXNativeTarget section */
		89117FF62D123EFB000260CE /* ProjetoFilmes */ = {
			isa = PBXNativeTarget;
			buildConfigurationList = 8911800D2D123EFC000260CE /* Build configuration list for PBXNativeTarget "ProjetoFilmes" */;
			buildPhases = (
				89117FF32D123EFB000260CE /* Sources */,
				89117FF42D123EFB000260CE /* Frameworks */,
				89117FF52D123EFB000260CE /* Resources */,
			);
			buildRules = (
			);
			dependencies = (
			);
			name = ProjetoFilmes;
			packageProductDependencies = (
			);
			productName = ProjetoFilmes;
			productReference = 89117FF72D123EFB000260CE /* ProjetoFilmes.app */;
			productType = "com.apple.product-type.application";
		};
/* End PBXNativeTarget section */

/* Begin PBXProject section */
		89117FEF2D123EFB000260CE /* Project object */ = {
			isa = PBXProject;
			attributes = {
				BuildIndependentTargetsInParallel = 1;
				LastSwiftUpdateCheck = 1610;
				LastUpgradeCheck = 1610;
				TargetAttributes = {
					89117FF62D123EFB000260CE = {
						CreatedOnToolsVersion = 16.1;
					};
				};
			};
			buildConfigurationList = 89117FF22D123EFB000260CE /* Build configuration list for PBXProject "ProjetoFilmes" */;
			developmentRegion = en;
			hasScannedForEncodings = 0;
			knownRegions = (
				en,
				Base,
			);
			mainGroup = 89117FEE2D123EFB000260CE;
			minimizedProjectReferenceProxies = 1;
			preferredProjectObjectVersion = 77;
			productRefGroup = 89117FF82D123EFB000260CE /* Products */;
			projectDirPath = "";
			projectRoot = "";
			targets = (
				89117FF62D123EFB000260CE /* ProjetoFilmes */,
			);
		};
/* End PBXProject section */

/* Begin PBXResourcesBuildPhase section */
		89117FF52D123EFB000260CE /* Resources */ = {
			isa = PBXResourcesBuildPhase;
			buildActionMask = 2147483647;
			files = (
				891180222D123F03000260CE /* Assets.xcassets in Resources */,
				891180242D123F03000260CE /* LaunchScreen.storyboard in Resources */,
				891180252D123F03000260CE /* Main.storyboard in Resources */,
			);
			runOnlyForDeploymentPostprocessing = 0;
		};
/* End PBXResourcesBuildPhase section */

/* Begin PBXSourcesBuildPhase section */
		89117FF32D123EFB000260CE /* Sources */ = {
			isa = PBXSourcesBuildPhase;
			buildActionMask = 2147483647;
			files = (
				891180562D124296000260CE /* AlertHelper.swift in Sources */,
				8911801E2D123F03000260CE /* AppDelegate.swift in Sources */,
				8911805C2D12604A000260CE /* FilmesViewController.swift in Sources */,
				8911801F2D123F03000260CE /* ProjetoFilmes.xcdatamodeld in Sources */,
				8911805A2D124734000260CE /* LoginViewController.swift in Sources */,
				891180202D123F03000260CE /* SceneDelegate.swift in Sources */,
			);
			runOnlyForDeploymentPostprocessing = 0;
		};
/* End PBXSourcesBuildPhase section */

/* Begin PBXVariantGroup section */
		891180162D123F03000260CE /* LaunchScreen.storyboard */ = {
			isa = PBXVariantGroup;
			children = (
				891180152D123F03000260CE /* Base */,
			);
			name = LaunchScreen.storyboard;
			sourceTree = "<group>";
		};
		891180182D123F03000260CE /* Main.storyboard */ = {
			isa = PBXVariantGroup;
			children = (
				891180172D123F03000260CE /* Base */,
			);
			name = Main.storyboard;
			sourceTree = "<group>";
		};
/* End PBXVariantGroup section */

/* Begin XCBuildConfiguration section */
		8911800E2D123EFC000260CE /* Debug */ = {
			isa = XCBuildConfiguration;
			buildSettings = {
				ASSETCATALOG_COMPILER_APPICON_NAME = AppIcon;
				ASSETCATALOG_COMPILER_GLOBAL_ACCENT_COLOR_NAME = AccentColor;
				CODE_SIGN_STYLE = Automatic;
				CURRENT_PROJECT_VERSION = 1;
				GENERATE_INFOPLIST_FILE = YES;
				INFOPLIST_FILE = ProjetoFilmes/Info.plist;
				INFOPLIST_KEY_UIApplicationSupportsIndirectInputEvents = YES;
				INFOPLIST_KEY_UILaunchStoryboardName = LaunchScreen;
				INFOPLIST_KEY_UIMainStoryboardFile = Main;
				INFOPLIST_KEY_UISupportedInterfaceOrientations_iPad = "UIInterfaceOrientationPortrait UIInterfaceOrientationPortraitUpsideDown UIInterfaceOrientationLandscapeLeft UIInterfaceOrientationLandscapeRight";
				INFOPLIST_KEY_UISupportedInterfaceOrientations_iPhone = "UIInterfaceOrientationPortrait UIInterfaceOrientationLandscapeLeft UIInterfaceOrientationLandscapeRight";
				LD_RUNPATH_SEARCH_PATHS = (
					"$(inherited)",
					"@executable_path/Frameworks",
				);
				MARKETING_VERSION = 1.0;
				PRODUCT_BUNDLE_IDENTIFIER = teste.ProjetoFilmes;
				PRODUCT_NAME = "$(TARGET_NAME)";
				SWIFT_EMIT_LOC_STRINGS = YES;
				SWIFT_VERSION = 5.0;
				TARGETED_DEVICE_FAMILY = "1,2";
			};
			name = Debug;
		};
		8911800F2D123EFC000260CE /* Release */ = {
			isa = XCBuildConfiguration;
			buildSettings = {
				ASSETCATALOG_COMPILER_APPICON_NAME = AppIcon;
				ASSETCATALOG_COMPILER_GLOBAL_ACCENT_COLOR_NAME = AccentColor;
				CODE_SIGN_STYLE = Automatic;
				CURRENT_PROJECT_VERSION = 1;
				GENERATE_INFOPLIST_FILE = YES;
				INFOPLIST_FILE = ProjetoFilmes/Info.plist;
				INFOPLIST_KEY_UIApplicationSupportsIndirectInputEvents = YES;
				INFOPLIST_KEY_UILaunchStoryboardName = LaunchScreen;
				INFOPLIST_KEY_UIMainStoryboardFile = Main;
				INFOPLIST_KEY_UISupportedInterfaceOrientations_iPad = "UIInterfaceOrientationPortrait UIInterfaceOrientationPortraitUpsideDown UIInterfaceOrientationLandscapeLeft UIInterfaceOrientationLandscapeRight";
				INFOPLIST_KEY_UISupportedInterfaceOrientations_iPhone = "UIInterfaceOrientationPortrait UIInterfaceOrientationLandscapeLeft UIInterfaceOrientationLandscapeRight";
				LD_RUNPATH_SEARCH_PATHS = (
					"$(inherited)",
					"@executable_path/Frameworks",
				);
				MARKETING_VERSION = 1.0;
				PRODUCT_BUNDLE_IDENTIFIER = teste.ProjetoFilmes;
				PRODUCT_NAME = "$(TARGET_NAME)";
				SWIFT_EMIT_LOC_STRINGS = YES;
				SWIFT_VERSION = 5.0;
				TARGETED_DEVICE_FAMILY = "1,2";
			};
			name = Release;
		};
		891180102D123EFC000260CE /* Debug */ = {
			isa = XCBuildConfiguration;
			buildSettings = {
				ALWAYS_SEARCH_USER_PATHS = NO;
				ASSETCATALOG_COMPILER_GENERATE_SWIFT_ASSET_SYMBOL_EXTENSIONS = YES;
				CLANG_ANALYZER_NONNULL = YES;
				CLANG_ANALYZER_NUMBER_OBJECT_CONVERSION = YES_AGGRESSIVE;
				CLANG_CXX_LANGUAGE_STANDARD = "gnu++20";
				CLANG_ENABLE_MODULES = YES;
				CLANG_ENABLE_OBJC_ARC = YES;
				CLANG_ENABLE_OBJC_WEAK = YES;
				CLANG_WARN_BLOCK_CAPTURE_AUTORELEASING = YES;
				CLANG_WARN_BOOL_CONVERSION = YES;
				CLANG_WARN_COMMA = YES;
				CLANG_WARN_CONSTANT_CONVERSION = YES;
				CLANG_WARN_DEPRECATED_OBJC_IMPLEMENTATIONS = YES;
				CLANG_WARN_DIRECT_OBJC_ISA_USAGE = YES_ERROR;
				CLANG_WARN_DOCUMENTATION_COMMENTS = YES;
				CLANG_WARN_EMPTY_BODY = YES;
				CLANG_WARN_ENUM_CONVERSION = YES;
				CLANG_WARN_INFINITE_RECURSION = YES;
				CLANG_WARN_INT_CONVERSION = YES;
				CLANG_WARN_NON_LITERAL_NULL_CONVERSION = YES;
				CLANG_WARN_OBJC_IMPLICIT_RETAIN_SELF = YES;
				CLANG_WARN_OBJC_LITERAL_CONVERSION = YES;
				CLANG_WARN_OBJC_ROOT_CLASS = YES_ERROR;
				CLANG_WARN_QUOTED_INCLUDE_IN_FRAMEWORK_HEADER = YES;
				CLANG_WARN_RANGE_LOOP_ANALYSIS = YES;
				CLANG_WARN_STRICT_PROTOTYPES = YES;
				CLANG_WARN_SUSPICIOUS_MOVE = YES;
				CLANG_WARN_UNGUARDED_AVAILABILITY = YES_AGGRESSIVE;
				CLANG_WARN_UNREACHABLE_CODE = YES;
				CLANG_WARN__DUPLICATE_METHOD_MATCH = YES;
				COPY_PHASE_STRIP = NO;
				DEBUG_INFORMATION_FORMAT = dwarf;
				ENABLE_STRICT_OBJC_MSGSEND = YES;
				ENABLE_TESTABILITY = YES;
				ENABLE_USER_SCRIPT_SANDBOXING = YES;
				GCC_C_LANGUAGE_STANDARD = gnu17;
				GCC_DYNAMIC_NO_PIC = NO;
				GCC_NO_COMMON_BLOCKS = YES;
				GCC_OPTIMIZATION_LEVEL = 0;
				GCC_PREPROCESSOR_DEFINITIONS = (
					"DEBUG=1",
					"$(inherited)",
				);
				GCC_WARN_64_TO_32_BIT_CONVERSION = YES;
				GCC_WARN_ABOUT_RETURN_TYPE = YES_ERROR;
				GCC_WARN_UNDECLARED_SELECTOR = YES;
				GCC_WARN_UNINITIALIZED_AUTOS = YES_AGGRESSIVE;
				GCC_WARN_UNUSED_FUNCTION = YES;
				GCC_WARN_UNUSED_VARIABLE = YES;
				IPHONEOS_DEPLOYMENT_TARGET = 18.1;
				LOCALIZATION_PREFERS_STRING_CATALOGS = YES;
				MTL_ENABLE_DEBUG_INFO = INCLUDE_SOURCE;
				MTL_FAST_MATH = YES;
				ONLY_ACTIVE_ARCH = YES;
				SDKROOT = iphoneos;
				SWIFT_ACTIVE_COMPILATION_CONDITIONS = "DEBUG $(inherited)";
				SWIFT_OPTIMIZATION_LEVEL = "-Onone";
			};
			name = Debug;
		};
		891180112D123EFC000260CE /* Release */ = {
			isa = XCBuildConfiguration;
			buildSettings = {
				ALWAYS_SEARCH_USER_PATHS = NO;
				ASSETCATALOG_COMPILER_GENERATE_SWIFT_ASSET_SYMBOL_EXTENSIONS = YES;
				CLANG_ANALYZER_NONNULL = YES;
				CLANG_ANALYZER_NUMBER_OBJECT_CONVERSION = YES_AGGRESSIVE;
				CLANG_CXX_LANGUAGE_STANDARD = "gnu++20";
				CLANG_ENABLE_MODULES = YES;
				CLANG_ENABLE_OBJC_ARC = YES;
				CLANG_ENABLE_OBJC_WEAK = YES;
				CLANG_WARN_BLOCK_CAPTURE_AUTORELEASING = YES;
				CLANG_WARN_BOOL_CONVERSION = YES;
				CLANG_WARN_COMMA = YES;
				CLANG_WARN_CONSTANT_CONVERSION = YES;
				CLANG_WARN_DEPRECATED_OBJC_IMPLEMENTATIONS = YES;
				CLANG_WARN_DIRECT_OBJC_ISA_USAGE = YES_ERROR;
				CLANG_WARN_DOCUMENTATION_COMMENTS = YES;
				CLANG_WARN_EMPTY_BODY = YES;
				CLANG_WARN_ENUM_CONVERSION = YES;
				CLANG_WARN_INFINITE_RECURSION = YES;
				CLANG_WARN_INT_CONVERSION = YES;
				CLANG_WARN_NON_LITERAL_NULL_CONVERSION = YES;
				CLANG_WARN_OBJC_IMPLICIT_RETAIN_SELF = YES;
				CLANG_WARN_OBJC_LITERAL_CONVERSION = YES;
				CLANG_WARN_OBJC_ROOT_CLASS = YES_ERROR;
				CLANG_WARN_QUOTED_INCLUDE_IN_FRAMEWORK_HEADER = YES;
				CLANG_WARN_RANGE_LOOP_ANALYSIS = YES;
				CLANG_WARN_STRICT_PROTOTYPES = YES;
				CLANG_WARN_SUSPICIOUS_MOVE = YES;
				CLANG_WARN_UNGUARDED_AVAILABILITY = YES_AGGRESSIVE;
				CLANG_WARN_UNREACHABLE_CODE = YES;
				CLANG_WARN__DUPLICATE_METHOD_MATCH = YES;
				COPY_PHASE_STRIP = NO;
				DEBUG_INFORMATION_FORMAT = "dwarf-with-dsym";
				ENABLE_NS_ASSERTIONS = NO;
				ENABLE_STRICT_OBJC_MSGSEND = YES;
				ENABLE_USER_SCRIPT_SANDBOXING = YES;
				GCC_C_LANGUAGE_STANDARD = gnu17;
				GCC_NO_COMMON_BLOCKS = YES;
				GCC_WARN_64_TO_32_BIT_CONVERSION = YES;
				GCC_WARN_ABOUT_RETURN_TYPE = YES_ERROR;
				GCC_WARN_UNDECLARED_SELECTOR = YES;
				GCC_WARN_UNINITIALIZED_AUTOS = YES_AGGRESSIVE;
				GCC_WARN_UNUSED_FUNCTION = YES;
				GCC_WARN_UNUSED_VARIABLE = YES;
				IPHONEOS_DEPLOYMENT_TARGET = 18.1;
				LOCALIZATION_PREFERS_STRING_CATALOGS = YES;
				MTL_ENABLE_DEBUG_INFO = NO;
				MTL_FAST_MATH = YES;
				SDKROOT = iphoneos;
				SWIFT_COMPILATION_MODE = wholemodule;
				VALIDATE_PRODUCT = YES;
			};
			name = Release;
		};
/* End XCBuildConfiguration section */

/* Begin XCConfigurationList section */
		89117FF22D123EFB000260CE /* Build configuration list for PBXProject "ProjetoFilmes" */ = {
			isa = XCConfigurationList;
			buildConfigurations = (
				891180102D123EFC000260CE /* Debug */,
				891180112D123EFC000260CE /* Release */,
			);
			defaultConfigurationIsVisible = 0;
			defaultConfigurationName = Release;
		};
		8911800D2D123EFC000260CE /* Build configuration list for PBXNativeTarget "ProjetoFilmes" */ = {
			isa = XCConfigurationList;
			buildConfigurations = (
				8911800E2D123EFC000260CE /* Debug */,
				8911800F2D123EFC000260CE /* Release */,
			);
			defaultConfigurationIsVisible = 0;
			defaultConfigurationName = Release;
		};
/* End XCConfigurationList section */

/* Begin XCVersionGroup section */
		891180192D123F03000260CE /* ProjetoFilmes.xcdatamodeld */ = {
			isa = XCVersionGroup;
			children = (
				8911801D2D123F03000260CE /* ProjetoFilmes.xcdatamodel */,
			);
			currentVersion = 8911801D2D123F03000260CE /* ProjetoFilmes.xcdatamodel */;
			path = ProjetoFilmes.xcdatamodeld;
			sourceTree = "<group>";
			versionGroupType = wrapper.xcdatamodel;
		};
/* End XCVersionGroup section */
	};
	rootObject = 89117FEF2D123EFB000260CE /* Project object */;
}
